hash: ac9491ff1a7fbcf8458983daa31426af47c9aaf4ff77223c8a870d0537f81f2d
updated: 2017-11-08T20:19:02.815372994+03:00
imports:
- name: github.com/rainycape/memcache
  version: 1031fa0ce2f20c1c0e1e1b51951d8ea02c84fa05
- name: github.com/stretchr/testify
  version: 2aa2c176b9dab406a6970f6a55f513e8a8c8b18f
- name: gopkg.in/DATA-DOG/go-sqlmock.v1
  version: d76b18b42f285b792bf985118980ce9eacea9d10
- name: gopkg.in/mgo.v2
  version: 3f83fa5005286a7fe593b055f0d7771a7dce4655
  subpackages:
  - bson
  - internal/json
  - internal/sasl
  - internal/scram
testImports:
- name: github.com/lib/pq
  version: b609790bd85edf8e9ab7e0f8912750a786177bcf
  subpackages:
  - oid
